
Microsoft Visual Studio Solution File, Format Version 12.00
# Visual Studio Version 17
VisualStudioVersion = 17.5.002.0
MinimumVisualStudioVersion = 10.0.40219.1
Project("{9A19103F-16F7-4668-BE54-9A1E7A4F7556}") = "№1", "№1\№1.csproj", "{D21F9A72-2C01-44C0-B263-5DEE74B7FF91}"
EndProject
Global
	GlobalSection(SolutionConfigurationPlatforms) = preSolution
		Debug|Any CPU = Debug|Any CPU
		Release|Any CPU = Release|Any CPU
	EndGlobalSection
	GlobalSection(ProjectConfigurationPlatforms) = postSolution
		{D21F9A72-2C01-44C0-B263-5DEE74B7FF91}.Debug|Any CPU.ActiveCfg = Debug|Any CPU
		{D21F9A72-2C01-44C0-B263-5DEE74B7FF91}.Debug|Any CPU.Build.0 = Debug|Any CPU
		{D21F9A72-2C01-44C0-B263-5DEE74B7FF91}.Release|Any CPU.ActiveCfg = Release|Any CPU
		{D21F9A72-2C01-44C0-B263-5DEE74B7FF91}.Release|Any CPU.Build.0 = Release|Any CPU
	EndGlobalSection
	GlobalSection(SolutionProperties) = preSolution
		HideSolutionNode = FALSE
	EndGlobalSection
	GlobalSection(ExtensibilityGlobals) = postSolution
		SolutionGuid = {2613DD44-7457-42DE-81BB-78E3228BC7CE}
	EndGlobalSection
EndGlobal
